
Microsoft Visual Studio Solution File, Format Version 12.00
# Visual Studio Version 17
VisualStudioVersion = 17.12.35527.113
MinimumVisualStudioVersion = 10.0.40219.1
Project("{FAE04EC0-301F-11D3-BF4B-00C04F79EFBC}") = "TgaBuilderWpfUi", "TgaBuilderWpfUi\TgaBuilderWpfUi.csproj", "{AACA00D7-D401-4A4D-B99B-254BF3F2A938}"
EndProject
Project("{FAE04EC0-301F-11D3-BF4B-00C04F79EFBC}") = "TgaBuilderLib", "TgaBuilderLib\TgaBuilderLib.csproj", "{4C1A8B45-0B13-40B8-AB5D-675D7C22376B}"
EndProject
Project("{FAE04EC0-301F-11D3-BF4B-00C04F79EFBC}") = "ZoomPanel", "ZoomPanel\ZoomPanel.csproj", "{98987923-D982-42F1-806B-7AACCB926EAB}"
EndProject
Global
	GlobalSection(SolutionConfigurationPlatforms) = preSolution
		Debug|Any CPU = Debug|Any CPU
		Debug|x64 = Debug|x64
		Release|Any CPU = Release|Any CPU
		Release|x64 = Release|x64
	EndGlobalSection
	GlobalSection(ProjectConfigurationPlatforms) = postSolution
		{AACA00D7-D401-4A4D-B99B-254BF3F2A938}.Debug|Any CPU.ActiveCfg = Debug|Any CPU
		{AACA00D7-D401-4A4D-B99B-254BF3F2A938}.Debug|Any CPU.Build.0 = Debug|Any CPU
		{AACA00D7-D401-4A4D-B99B-254BF3F2A938}.Debug|x64.ActiveCfg = Debug|x64
		{AACA00D7-D401-4A4D-B99B-254BF3F2A938}.Debug|x64.Build.0 = Debug|x64
		{AACA00D7-D401-4A4D-B99B-254BF3F2A938}.Release|Any CPU.ActiveCfg = Release|Any CPU
		{AACA00D7-D401-4A4D-B99B-254BF3F2A938}.Release|Any CPU.Build.0 = Release|Any CPU
		{AACA00D7-D401-4A4D-B99B-254BF3F2A938}.Release|x64.ActiveCfg = Release|x64
		{AACA00D7-D401-4A4D-B99B-254BF3F2A938}.Release|x64.Build.0 = Release|x64
		{4C1A8B45-0B13-40B8-AB5D-675D7C22376B}.Debug|Any CPU.ActiveCfg = Debug|Any CPU
		{4C1A8B45-0B13-40B8-AB5D-675D7C22376B}.Debug|Any CPU.Build.0 = Debug|Any CPU
		{4C1A8B45-0B13-40B8-AB5D-675D7C22376B}.Debug|x64.ActiveCfg = Debug|x64
		{4C1A8B45-0B13-40B8-AB5D-675D7C22376B}.Debug|x64.Build.0 = Debug|x64
		{4C1A8B45-0B13-40B8-AB5D-675D7C22376B}.Release|Any CPU.ActiveCfg = Release|Any CPU
		{4C1A8B45-0B13-40B8-AB5D-675D7C22376B}.Release|Any CPU.Build.0 = Release|Any CPU
		{4C1A8B45-0B13-40B8-AB5D-675D7C22376B}.Release|x64.ActiveCfg = Release|x64
		{4C1A8B45-0B13-40B8-AB5D-675D7C22376B}.Release|x64.Build.0 = Release|x64
		{98987923-D982-42F1-806B-7AACCB926EAB}.Debug|Any CPU.ActiveCfg = Debug|Any CPU
		{98987923-D982-42F1-806B-7AACCB926EAB}.Debug|Any CPU.Build.0 = Debug|Any CPU
		{98987923-D982-42F1-806B-7AACCB926EAB}.Debug|x64.ActiveCfg = Debug|x64
		{98987923-D982-42F1-806B-7AACCB926EAB}.Debug|x64.Build.0 = Debug|x64
		{98987923-D982-42F1-806B-7AACCB926EAB}.Release|Any CPU.ActiveCfg = Release|Any CPU
		{98987923-D982-42F1-806B-7AACCB926EAB}.Release|Any CPU.Build.0 = Release|Any CPU
		{98987923-D982-42F1-806B-7AACCB926EAB}.Release|x64.ActiveCfg = Release|x64
		{98987923-D982-42F1-806B-7AACCB926EAB}.Release|x64.Build.0 = Release|x64
	EndGlobalSection
	GlobalSection(SolutionProperties) = preSolution
		HideSolutionNode = FALSE
	EndGlobalSection
EndGlobal
