Microsoft Visual Studio Solution File, Format Version 12.00
# Visual Studio Version 17
VisualStudioVersion = 17.5.2.0
MinimumVisualStudioVersion = 10.0.40219.1
Project("{FAE04EC0-301F-11D3-BF4B-00C04F79EFBC}") = "TgaBuilderAvaloniaUi", "TgaBuilderAvaloniaUi\TgaBuilderAvaloniaUi.csproj", "{B4438EB3-7469-3509-7DBA-B8C4A650F140}"
EndProject
Project("{FAE04EC0-301F-11D3-BF4B-00C04F79EFBC}") = "TgaBuilderLib", "TgaBuilderLib\TgaBuilderLib.csproj", "{B632D5B8-417E-9FFC-A7E7-15E7E3F467B3}"
EndProject
Project("{FAE04EC0-301F-11D3-BF4B-00C04F79EFBC}") = "TgaBuilderWpfUi", "TgaBuilderWpfUi\TgaBuilderWpfUi.csproj", "{1F010694-6828-B899-AA56-BDE8160B1E03}"
EndProject
Project("{FAE04EC0-301F-11D3-BF4B-00C04F79EFBC}") = "ZoomPanel", "ZoomPanel\ZoomPanel.csproj", "{ED0A41E9-EA8D-E407-3EDE-881F10D6F334}"
EndProject
Global
	GlobalSection(SolutionConfigurationPlatforms) = preSolution
		Debug|Any CPU = Debug|Any CPU
		Release|Any CPU = Release|Any CPU
	EndGlobalSection
	GlobalSection(ProjectConfigurationPlatforms) = postSolution
		{B4438EB3-7469-3509-7DBA-B8C4A650F140}.Debug|Any CPU.ActiveCfg = Debug|Any CPU
		{B4438EB3-7469-3509-7DBA-B8C4A650F140}.Debug|Any CPU.Build.0 = Debug|Any CPU
		{B4438EB3-7469-3509-7DBA-B8C4A650F140}.Release|Any CPU.ActiveCfg = Release|Any CPU
		{B4438EB3-7469-3509-7DBA-B8C4A650F140}.Release|Any CPU.Build.0 = Release|Any CPU
		{B632D5B8-417E-9FFC-A7E7-15E7E3F467B3}.Debug|Any CPU.ActiveCfg = Debug|Any CPU
		{B632D5B8-417E-9FFC-A7E7-15E7E3F467B3}.Debug|Any CPU.Build.0 = Debug|Any CPU
		{B632D5B8-417E-9FFC-A7E7-15E7E3F467B3}.Release|Any CPU.ActiveCfg = Release|Any CPU
		{B632D5B8-417E-9FFC-A7E7-15E7E3F467B3}.Release|Any CPU.Build.0 = Release|Any CPU
		{1F010694-6828-B899-AA56-BDE8160B1E03}.Debug|Any CPU.ActiveCfg = Debug|Any CPU
		{1F010694-6828-B899-AA56-BDE8160B1E03}.Debug|Any CPU.Build.0 = Debug|Any CPU
		{1F010694-6828-B899-AA56-BDE8160B1E03}.Release|Any CPU.ActiveCfg = Release|Any CPU
		{1F010694-6828-B899-AA56-BDE8160B1E03}.Release|Any CPU.Build.0 = Release|Any CPU
		{ED0A41E9-EA8D-E407-3EDE-881F10D6F334}.Debug|Any CPU.ActiveCfg = Debug|Any CPU
		{ED0A41E9-EA8D-E407-3EDE-881F10D6F334}.Debug|Any CPU.Build.0 = Debug|Any CPU
		{ED0A41E9-EA8D-E407-3EDE-881F10D6F334}.Release|Any CPU.ActiveCfg = Release|Any CPU
		{ED0A41E9-EA8D-E407-3EDE-881F10D6F334}.Release|Any CPU.Build.0 = Release|Any CPU
	EndGlobalSection
	GlobalSection(SolutionProperties) = preSolution
		HideSolutionNode = FALSE
	EndGlobalSection
	GlobalSection(ExtensibilityGlobals) = postSolution
		SolutionGuid = {7D0CCAC8-ED5B-4338-82A3-7D3B1E2B9F56}
	EndGlobalSection
EndGlobal
