<Solution>
  <Configurations>
    <Configuration Name="Debug" Platform="x64" />
    <Configuration Name="Release" Platform="x64" />
    <Platform Name="x64" />
  </Configurations>

  <Projects>
  </Projects>

  <ProjectConfigurations>
  </ProjectConfigurations>
  <Folder Name="/ext/">
    <Project Path="ext/ColorPicker/ColorPicker.csproj">
      <Platform Project="x64" />
    </Project>
    <Project Path="ext/ZoomPanel/ZoomPanel.csproj">
      <Platform Project="x64" />
    </Project>
  </Folder>
  <Folder Name="/src/">
    <Project Path="src/TrLynxAvaloniaUi/TrLynxAvaloniaUi.csproj">
      <Platform Project="x64" />
    </Project>
    <Project Path="src/TrLynxLib/TrLynxLib.csproj">
      <Platform Project="x64" />
    </Project>
    <Project Path="src/TrLynxWpfUi/TrLynxWpfUi.csproj">
      <Platform Project="x64" />
    </Project>
  </Folder>
</Solution>