Microsoft Visual Studio Solution File, Format Version 12.00
# Visual Studio Version 17
VisualStudioVersion = 17.5.2.0
MinimumVisualStudioVersion = 10.0.40219.1
Project("{FAE04EC0-301F-11D3-BF4B-00C04F79EFBC}") = "TgaBuilderLib", "TgaBuilderLib.csproj", "{CFE7C7B1-775B-C9BC-FBC3-D4A8C2CDF340}"
EndProject
Global
	GlobalSection(SolutionConfigurationPlatforms) = preSolution
		Debug|Any CPU = Debug|Any CPU
		Release|Any CPU = Release|Any CPU
	EndGlobalSection
	GlobalSection(ProjectConfigurationPlatforms) = postSolution
		{CFE7C7B1-775B-C9BC-FBC3-D4A8C2CDF340}.Debug|Any CPU.ActiveCfg = Debug|Any CPU
		{CFE7C7B1-775B-C9BC-FBC3-D4A8C2CDF340}.Debug|Any CPU.Build.0 = Debug|Any CPU
		{CFE7C7B1-775B-C9BC-FBC3-D4A8C2CDF340}.Release|Any CPU.ActiveCfg = Release|Any CPU
		{CFE7C7B1-775B-C9BC-FBC3-D4A8C2CDF340}.Release|Any CPU.Build.0 = Release|Any CPU
	EndGlobalSection
	GlobalSection(SolutionProperties) = preSolution
		HideSolutionNode = FALSE
	EndGlobalSection
	GlobalSection(ExtensibilityGlobals) = postSolution
		SolutionGuid = {2786F916-38E0-4BB3-B3AD-1F5D72CD4254}
	EndGlobalSection
EndGlobal
